
Microsoft Visual Studio Solution File, Format Version 12.00
# Visual Studio Version 17
VisualStudioVersion = 17.7.34009.444
MinimumVisualStudioVersion = 10.0.40219.1
Project("{FAE04EC0-301F-11D3-BF4B-00C04F79EFBC}") = "Polymorphism,Abstraction", "Polymorphism,Abstraction.csproj", "{512E150A-7979-4F4F-8070-05C6D033913E}"
EndProject
Global
	GlobalSection(SolutionConfigurationPlatforms) = preSolution
		Debug|Any CPU = Debug|Any CPU
		Release|Any CPU = Release|Any CPU
	EndGlobalSection
	GlobalSection(ProjectConfigurationPlatforms) = postSolution
		{512E150A-7979-4F4F-8070-05C6D033913E}.Debug|Any CPU.ActiveCfg = Debug|Any CPU
		{512E150A-7979-4F4F-8070-05C6D033913E}.Debug|Any CPU.Build.0 = Debug|Any CPU
		{512E150A-7979-4F4F-8070-05C6D033913E}.Release|Any CPU.ActiveCfg = Release|Any CPU
		{512E150A-7979-4F4F-8070-05C6D033913E}.Release|Any CPU.Build.0 = Release|Any CPU
	EndGlobalSection
	GlobalSection(SolutionProperties) = preSolution
		HideSolutionNode = FALSE
	EndGlobalSection
	GlobalSection(ExtensibilityGlobals) = postSolution
		SolutionGuid = {E80E4D13-B948-4F78-B2E7-9E501169C3F3}
	EndGlobalSection
EndGlobal
